{
    "_meta": {
        "hash": {
            "sha256": "bf05a0ebc27818b003bce001e87da76de52f91a166e2db5c97d4c1a54349cd6b"
        },
        "pipfile-spec": 6,
        "requires": {
            "python_version": "3.7"
        },
        "sources": [
            {
                "name": "pypi",
                "url": "https://pypi.org/simple",
                "verify_ssl": true
            }
        ]
    },
    "default": {
        "django": {
            "hashes": [
                "sha256:84f370f6acedbe1f3c41e1a02de44ac206efda3355e427139ecb785b5f596d80",
                "sha256:e8fe3c2b2212dce6126becab7a693157f1a441a07b62ec994c046c76af5bb66d"
            ],
            "index": "pypi",
            "version": "==2.2.13"
        },
        "garuda": {
            "editable": true,
            "path": "."
        },
        "grpcio": {
            "hashes": [
                "sha256:002f9170d8c0c10c33f643240c2332ce6eb8c8cc8c2b08d6a8f3172ef574751b",
                "sha256:0f80b28033105e99e08d84361b899c45bd6eb31d2765ff2ed7cb66b8b1d12820",
                "sha256:1012969abbec9a6c5d7b09ac829df296cb0a2ddebe70dd314abb881fa62cbcc9",
                "sha256:19af04506fec213de9a889343d4b090e9d0b675e1d9b8397ea6fc6521f939a48",
                "sha256:37cdffc26987ae2a077cc80fc0d87273e0e01ba15df40ec0a20d107e635700cf",
                "sha256:4e72b30a276e519d687dc53d86ecf9d65edf31dad473f3bbd041542bbf9df12f",
                "sha256:564499d84c2e90eb87819f7a299eaa2aee32db8208a8e8d00e8941a0c66413c0",
                "sha256:6324581e215157f0fbe335dff2e21a65b4406db98ac7cca05f1e23b4f510b426",
                "sha256:64758d2718f14792286b32d31560edb10c3726ce5d5875c3472c95908b658aeb",
                "sha256:67b36c6b0070ef858e5438e82d3a3fb19db33a174572019744d7b965c95fa9b0",
                "sha256:83766cdfc3492a693902eff193648b3cc9710e4a131815cd0cc60e30e9b7cf8f",
                "sha256:935a0b328b79e03a47d87960836513bab1150d0faab44aff7968f8623ed48d62",
                "sha256:982349cc24df7569ab955bafa3ba7575140db171c3bd757fa135d0c0c0d6990d",
                "sha256:9c79eaca4b0b8fb973c6e0c4c6cd4be44e76dfd09d56cfc7b2a959289fda6682",
                "sha256:9efcdfe1cc1670dde940f86e51fe080184f637106cf9b6d8dfc14cab9660d710",
                "sha256:a24a37e441c36d6605029cfb035806ef4f888a37d757e64fb0488d03c3fff806",
                "sha256:ab33b5965df89fd6e4ea7846cb9a28ece4e6d9ded23434d3321b992051a62de0",
                "sha256:ad6c12e9ab809fd4f8891a085a7655ca2690a5753bb6258d9d602084f610a223",
                "sha256:b1e4c83209bce5548029ed7df2af6a94415bb7dd37a2203183919d1d5a5249c9",
                "sha256:b87cdf8c4291875bda4b2a0f6747cab008fd9ea6c682a43d0869d308a16d0956",
                "sha256:b9e3793e0d1498e5c72993ba91f14e617e06e945d6562716bfbbbc6a9e7ab7de",
                "sha256:ba388412f64d6ac02098fcb77c409896297b058a8942d946bd1999699d35c123",
                "sha256:baaf1a0d5a5d9af67ec3ff0d9dfc1d642e7aba38e59ae60de1c6d1bd46406177",
                "sha256:be0d79c3253f7d23facc4dab96ada086e9b17048a36843041a5fac3bad9415e7",
                "sha256:ce3c23b1110238c1f440cdbceefd0c5fc7fcf3022c82c8a349514038aa69ac3d",
                "sha256:d9b9d309e7db3a988df0d12ba3c1ca4a7059c502c10ce34d4d65779bebbb6949",
                "sha256:ddd489b4730d7eccf9b836216d7137f85b3e68258a292a618a12e9ce5a7bcfb0",
                "sha256:dee025675506fc84f475b9fb0c8ce2cc9b663f9d7c7a22281ba878538be78fe8",
                "sha256:e6ac3198f4174c1b58e3a6b765d0b9cdcead231ba8bf4ddd30709320960b6e39",
                "sha256:e738782d0216087cb7ee9acc54305db9a30bf9a784bff7a407b748a91dd8c942",
                "sha256:f136b98861f27e2628f824c7c7e8d4bce47c9e18953fd00a0aca1d1c9cfd1b6c"
            ],
            "index": "pypi",
            "version": "==1.13.0"
        },
        "grpcio-tools": {
            "hashes": [
                "sha256:00a66d398c79ed1ae8490c7f18d912c318b57ce93125e4345460bf40fcd4259f",
                "sha256:179ef9c760d7c89c99266fc5e338110a8926d4c8f5a1ed353a9efb589b377139",
                "sha256:17e24c860a83843249b8e8ce24edc303dd4d8a62ca129ddbb775d0d794de0d44",
                "sha256:2d0e9b258e4a2872a747b6d2b21e3397e89102014c711f43e9432ce1ba067afb",
                "sha256:318bdd7f758511960e9fbad6d416b3f11f2de117a26b015a3661f77aa0babd24",
                "sha256:3d91bd1ea3145dcc76a01adcae31fc75201519b07fccbda8f70ecf081d4a805a",
                "sha256:4159c5138527584b05d2509d4b575ead1b52a07172bb3169ad1b04b1c695bca1",
                "sha256:41c37c974f493c6c36727d374e762ef1e8d91e3824c6ad69678f05b13f6acea0",
                "sha256:43776c1e2bc52fe53735b9738a9e75e9d90abf507409dd1e18d1ac3b21868f0f",
                "sha256:45375e8c0edd29f5f398816444ee040a6b46123645f747a17b51b3022a0f3458",
                "sha256:4ee85f985fe19aea8ae0354fad035e6e14fe8d4bb7568ddfc32662fc78a138a3",
                "sha256:5a24f3be86471a940d68edcb1e0b44fbb713ccd6f63b091d6d9d75e5f08f176b",
                "sha256:5ca9a97bcf50c75de23965c8d3450fcc9409dab6c48697eb74d487b6c1cbaf0b",
                "sha256:60fbe6988c59fce169a7ef0c45ffb1ed2ce1f048c469dbac2e01843e77d11d31",
                "sha256:624dcd1594cfc407abaac8e1e380eded123e3036791790506eb336c008cb32a8",
                "sha256:6715b87359c5971360e1614dd9ad484de8a8140946a3930edcbeca3944acad80",
                "sha256:81b39bd7bc881d78988090b862a69b47e3bc44220fd354a736cb9235514066b2",
                "sha256:86ec833e2b03da631deeb3381c70d592aa2bb02d678b05688fff38ef4313d642",
                "sha256:9c4523c45a25dae123fa80c3b4c8a25ad38ae8fe99b603cc6128f6357fd094af",
                "sha256:9cf6188594f4b6d9ed1307f9114cd2272c3c49e4f66076ce0d732e89cc84fadb",
                "sha256:9d8a096f3f8d5f8713ec5ddd744bead8b67adfd72d36828fa95a1ae9e3161825",
                "sha256:a6699f3cc4ab156dccab99e1af2fb8fd8319432c579fcb8d0b02347d8b9efab8",
                "sha256:acb86b0af6ff8156db00188e0f79ca23695cf8d678222bff5080ecc6730873c2",
                "sha256:b12caceea93f7dc7342b098aa8f10d57406242e867308be13bc3d6995a9d1cc9",
                "sha256:b918ca1195729701f760686dbd8240715b98a68006b9b4376be97ee59976485e",
                "sha256:c0b78b0bc372d650da1080582d75c8b5bd6b8464ffde873c350180575c68c464",
                "sha256:c64bd4ec0b6c86f1aa7be9f8a5afb147b8c005a61d8a331d7373f97b64181620",
                "sha256:e45f8d67590ba0252b68e19ebd07c234a922cd294a81d84cfe018d85606464d5",
                "sha256:e64437fb4a3d8d5bdaef83ef8857d9c479291def214c1df9c889483fef2ceabf",
                "sha256:ebc3bc51fe73cc0343d1d1053adde78a6cede44bcbb374c57d263acbce91504f",
                "sha256:edfc60fafebf60fd4f6fdc9a5706937f5a9cb26025714152819d634d69c70df5"
            ],
            "index": "pypi",
            "version": "==1.13.0"
        },
        "inflect": {
            "hashes": [
                "sha256:51d3d0fe0db77fa9315c45ce5933a64d9043a36d42e8b1a082d3379dc39754cf",
                "sha256:7a71eed8a666c0c2b0463bb850a9a5c51603699836bf251521374ceffeb9c322"
            ],
            "index": "pypi",
            "version": "==0.3.1"
        },
        "orm-choices": {
            "hashes": [
                "sha256:b906b04e4b25c3c804fe296f0755b6ce718469e1951ebc38870b21bb665a3a47",
                "sha256:f1ae4a375a7f885585bde673ae4c6d07b0f20f6775b31c0d6ac735db6c0cd0de"
            ],
            "index": "pypi",
            "version": "==1.0.0"
        },
        "protobuf": {
            "hashes": [
                "sha256:304e08440c4a41a0f3592d2a38934aad6919d692bb0edfb355548786728f9a5e",
                "sha256:49ef8ab4c27812a89a76fa894fe7a08f42f2147078392c0dee51d4a444ef6df5",
                "sha256:50b5fee674878b14baea73b4568dc478c46a31dd50157a5b5d2f71138243b1a9",
                "sha256:5524c7020eb1fb7319472cb75c4c3206ef18b34d6034d2ee420a60f99cddeb07",
                "sha256:612bc97e42b22af10ba25e4140963fbaa4c5181487d163f4eb55b0b15b3dfcd2",
                "sha256:6f349adabf1c004aba53f7b4633459f8ca8a09654bf7e69b509c95a454755776",
                "sha256:85b94d2653b0fdf6d879e39d51018bf5ccd86c81c04e18a98e9888694b98226f",
                "sha256:87535dc2d2ef007b9d44e309d2b8ea27a03d2fa09556a72364d706fcb7090828",
                "sha256:a7ab28a8f1f043c58d157bceb64f80e4d2f7f1b934bc7ff5e7f7a55a337ea8b0",
                "sha256:a96f8fc625e9ff568838e556f6f6ae8eca8b4837cdfb3f90efcb7c00e342a2eb",
                "sha256:b5a114ea9b7fc90c2cc4867a866512672a47f66b154c6d7ee7e48ddb68b68122",
                "sha256:be04fe14ceed7f8641e30f36077c1a654ff6f17d0c7a5283b699d057d150d82a",
                "sha256:bff02030bab8b969f4de597543e55bd05e968567acb25c0a87495a31eb09e925",
                "sha256:c9ca9f76805e5a637605f171f6c4772fc4a81eced4e2f708f79c75166a2c99ea",
                "sha256:e1464a4a2cf12f58f662c8e6421772c07947266293fb701cb39cd9c1e183f63c",
                "sha256:e72736dd822748b0721f41f9aaaf6a5b6d5cfc78f6c8690263aef8bba4457f0e",
                "sha256:eafe9fa19fcefef424ee089fb01ac7177ff3691af7cc2ae8791ae523eb6ca907",
                "sha256:f4b73736108a416c76c17a8a09bc73af3d91edaa26c682aaa460ef91a47168d3"
            ],
            "version": "==3.12.2"
        },
        "pytz": {
            "hashes": [
                "sha256:a494d53b6d39c3c6e44c3bec237336e14305e4f29bbf800b599253057fbb79ed",
                "sha256:c35965d010ce31b23eeb663ed3cc8c906275d6be1a34393a1d73a41febf4a048"
            ],
            "version": "==2020.1"
        },
        "six": {
            "hashes": [
                "sha256:30639c035cdb23534cd4aa2dd52c3bf48f06e5f4a941509c8bafd8ce11080259",
                "sha256:8b74bedcbbbaca38ff6d7491d76f2b06b3592611af620f8426e82dddb04a5ced"
            ],
            "version": "==1.15.0"
        },
        "sqlparse": {
            "hashes": [
                "sha256:022fb9c87b524d1f7862b3037e541f68597a730a8843245c349fc93e1643dc4e",
                "sha256:e162203737712307dfe78860cc56c8da8a852ab2ee33750e33aeadf38d12c548"
            ],
            "version": "==0.3.1"
        }
    },
    "develop": {
        "backcall": {
            "hashes": [
                "sha256:38ecd85be2c1e78f77fd91700c76e14667dc21e2713b63876c0eb901196e01e4",
                "sha256:bbbf4b1e5cd2bdb08f915895b51081c041bac22394fdfcfdfbe9f14b77c08bf2"
            ],
            "version": "==0.1.0"
        },
        "bleach": {
            "hashes": [
                "sha256:2bce3d8fab545a6528c8fa5d9f9ae8ebc85a56da365c7f85180bfe96a35ef22f",
                "sha256:3c4c520fdb9db59ef139915a5db79f8b51bc2a7257ea0389f30c846883430a4b"
            ],
            "version": "==3.1.5"
        },
        "certifi": {
            "hashes": [
                "sha256:1d987a998c75633c40847cc966fcf5904906c920a7f17ef374f5aa4282abd304",
                "sha256:51fcb31174be6e6664c5f69e3e1691a2d72a1a12e90f872cbdb1567eb47b6519"
            ],
            "version": "==2020.4.5.1"
        },
        "cffi": {
            "hashes": [
                "sha256:001bf3242a1bb04d985d63e138230802c6c8d4db3668fb545fb5005ddf5bb5ff",
                "sha256:00789914be39dffba161cfc5be31b55775de5ba2235fe49aa28c148236c4e06b",
                "sha256:028a579fc9aed3af38f4892bdcc7390508adabc30c6af4a6e4f611b0c680e6ac",
                "sha256:14491a910663bf9f13ddf2bc8f60562d6bc5315c1f09c704937ef17293fb85b0",
                "sha256:1cae98a7054b5c9391eb3249b86e0e99ab1e02bb0cc0575da191aedadbdf4384",
                "sha256:2089ed025da3919d2e75a4d963d008330c96751127dd6f73c8dc0c65041b4c26",
                "sha256:2d384f4a127a15ba701207f7639d94106693b6cd64173d6c8988e2c25f3ac2b6",
                "sha256:337d448e5a725bba2d8293c48d9353fc68d0e9e4088d62a9571def317797522b",
                "sha256:399aed636c7d3749bbed55bc907c3288cb43c65c4389964ad5ff849b6370603e",
                "sha256:3b911c2dbd4f423b4c4fcca138cadde747abdb20d196c4a48708b8a2d32b16dd",
                "sha256:3d311bcc4a41408cf5854f06ef2c5cab88f9fded37a3b95936c9879c1640d4c2",
                "sha256:62ae9af2d069ea2698bf536dcfe1e4eed9090211dbaafeeedf5cb6c41b352f66",
                "sha256:66e41db66b47d0d8672d8ed2708ba91b2f2524ece3dee48b5dfb36be8c2f21dc",
                "sha256:675686925a9fb403edba0114db74e741d8181683dcf216be697d208857e04ca8",
                "sha256:7e63cbcf2429a8dbfe48dcc2322d5f2220b77b2e17b7ba023d6166d84655da55",
                "sha256:8a6c688fefb4e1cd56feb6c511984a6c4f7ec7d2a1ff31a10254f3c817054ae4",
                "sha256:8c0ffc886aea5df6a1762d0019e9cb05f825d0eec1f520c51be9d198701daee5",
                "sha256:95cd16d3dee553f882540c1ffe331d085c9e629499ceadfbda4d4fde635f4b7d",
                "sha256:99f748a7e71ff382613b4e1acc0ac83bf7ad167fb3802e35e90d9763daba4d78",
                "sha256:b8c78301cefcf5fd914aad35d3c04c2b21ce8629b5e4f4e45ae6812e461910fa",
                "sha256:c420917b188a5582a56d8b93bdd8e0f6eca08c84ff623a4c16e809152cd35793",
                "sha256:c43866529f2f06fe0edc6246eb4faa34f03fe88b64a0a9a942561c8e22f4b71f",
                "sha256:cab50b8c2250b46fe738c77dbd25ce017d5e6fb35d3407606e7a4180656a5a6a",
                "sha256:cef128cb4d5e0b3493f058f10ce32365972c554572ff821e175dbc6f8ff6924f",
                "sha256:cf16e3cf6c0a5fdd9bc10c21687e19d29ad1fe863372b5543deaec1039581a30",
                "sha256:e56c744aa6ff427a607763346e4170629caf7e48ead6921745986db3692f987f",
                "sha256:e577934fc5f8779c554639376beeaa5657d54349096ef24abe8c74c5d9c117c3",
                "sha256:f2b0fa0c01d8a0c7483afd9f31d7ecf2d71760ca24499c8697aeb5ca37dc090c"
            ],
            "version": "==1.14.0"
        },
        "chardet": {
            "hashes": [
                "sha256:84ab92ed1c4d4f16916e05906b6b75a6c0fb5db821cc65e70cbd64a3e2a5eaae",
                "sha256:fc323ffcaeaed0e0a02bf4d117757b98aed530d9ed4531e3e15460124c106691"
            ],
            "version": "==3.0.4"
        },
        "cryptography": {
            "hashes": [
                "sha256:091d31c42f444c6f519485ed528d8b451d1a0c7bf30e8ca583a0cac44b8a0df6",
                "sha256:18452582a3c85b96014b45686af264563e3e5d99d226589f057ace56196ec78b",
                "sha256:1dfa985f62b137909496e7fc182dac687206d8d089dd03eaeb28ae16eec8e7d5",
                "sha256:1e4014639d3d73fbc5ceff206049c5a9a849cefd106a49fa7aaaa25cc0ce35cf",
                "sha256:22e91636a51170df0ae4dcbd250d318fd28c9f491c4e50b625a49964b24fe46e",
                "sha256:3b3eba865ea2754738616f87292b7f29448aec342a7c720956f8083d252bf28b",
                "sha256:651448cd2e3a6bc2bb76c3663785133c40d5e1a8c1a9c5429e4354201c6024ae",
                "sha256:726086c17f94747cedbee6efa77e99ae170caebeb1116353c6cf0ab67ea6829b",
                "sha256:844a76bc04472e5135b909da6aed84360f522ff5dfa47f93e3dd2a0b84a89fa0",
                "sha256:88c881dd5a147e08d1bdcf2315c04972381d026cdb803325c03fe2b4a8ed858b",
                "sha256:96c080ae7118c10fcbe6229ab43eb8b090fccd31a09ef55f83f690d1ef619a1d",
                "sha256:a0c30272fb4ddda5f5ffc1089d7405b7a71b0b0f51993cb4e5dbb4590b2fc229",
                "sha256:bb1f0281887d89617b4c68e8db9a2c42b9efebf2702a3c5bf70599421a8623e3",
                "sha256:c447cf087cf2dbddc1add6987bbe2f767ed5317adb2d08af940db517dd704365",
                "sha256:c4fd17d92e9d55b84707f4fd09992081ba872d1a0c610c109c18e062e06a2e55",
                "sha256:d0d5aeaedd29be304848f1c5059074a740fa9f6f26b84c5b63e8b29e73dfc270",
                "sha256:daf54a4b07d67ad437ff239c8a4080cfd1cc7213df57d33c97de7b4738048d5e",
                "sha256:e993468c859d084d5579e2ebee101de8f5a27ce8e2159959b6673b418fd8c785",
                "sha256:f118a95c7480f5be0df8afeb9a11bd199aa20afab7a96bcf20409b411a3a85f0"
            ],
            "version": "==2.9.2"
        },
        "decorator": {
            "hashes": [
                "sha256:41fa54c2a0cc4ba648be4fd43cff00aedf5b9465c9bf18d64325bc225f08f760",
                "sha256:e3a62f0520172440ca0dcc823749319382e377f37f140a0b99ef45fecb84bfe7"
            ],
            "version": "==4.4.2"
        },
        "django-extensions": {
            "hashes": [
                "sha256:c3c8524056ab1174c6fc769b0599e60f7e7797ce34f38db2effc48885a0a982c",
                "sha256:e279344c6d825adb27694755aa924702d3cc401f8fad5ad9ef2d577948778a5f"
            ],
            "index": "pypi",
            "version": "==2.1.0"
        },
        "docutils": {
            "hashes": [
                "sha256:0c5b78adfbf7762415433f5515cd5c9e762339e23369dbe8000d84a4bf4ab3af",
                "sha256:c2de3a60e9e7d07be26b7f2b00ca0309c207e06c100f9cc2a94931fc75a478fc"
            ],
            "version": "==0.16"
        },
        "greenlet": {
            "hashes": [
                "sha256:1000038ba0ea9032948e2156a9c15f5686f36945e8f9906e6b8db49f358e7b52",
                "sha256:133ba06bad4e5f2f8bf6a0ac434e0fd686df749a86b3478903b92ec3a9c0c90b",
                "sha256:1429dc183b36ec972055e13250d96e174491559433eb3061691b446899b87384",
                "sha256:1b805231bfb7b2900a16638c3c8b45c694334c811f84463e52451e00c9412691",
                "sha256:3a35e33902b2e6079949feed7a2dafa5ac6f019da97bd255842bb22de3c11bf5",
                "sha256:5ea034d040e6ab1d2ae04ab05a3f37dbd719c4dee3804b13903d4cc794b1336e",
                "sha256:682328aa576ec393c1872615bcb877cf32d800d4a2f150e1a5dc7e56644010b1",
                "sha256:6e06eac722676797e8fce4adb8ad3dc57a1bb3adfb0dd3fdf8306c055a38456c",
                "sha256:7eed31f4efc8356e200568ba05ad645525f1fbd8674f1e5be61a493e715e3873",
                "sha256:80cb0380838bf4e48da6adedb0c7cd060c187bb4a75f67a5aa9ec33689b84872",
                "sha256:b0b2a984bbfc543d144d88caad6cc7ff4a71be77102014bd617bd88cfb038727",
                "sha256:c196a5394c56352e21cb7224739c6dd0075b69dd56f758505951d1d8d68cf8a9",
                "sha256:d83c1d38658b0f81c282b41238092ed89d8f93c6e342224ab73fb39e16848721",
                "sha256:df7de669cbf21de4b04a3ffc9920bc8426cab4c61365fa84d79bf97401a8bef7",
                "sha256:e5db19d4a7d41bbeb3dd89b49fc1bc7e6e515b51bbf32589c618655a0ebe0bf0",
                "sha256:e695ac8c3efe124d998230b219eb51afb6ef10524a50b3c45109c4b77a8a3a92",
                "sha256:eac2a3f659d5f41d6bbfb6a97733bc7800ea5e906dc873732e00cebb98cec9e4"
            ],
            "version": "==0.4.16"
        },
        "idna": {
            "hashes": [
                "sha256:7588d1c14ae4c77d74036e8c22ff447b26d0fde8f007354fd48a7814db15b7cb",
                "sha256:a068a21ceac8a4d63dbfd964670474107f541babbd2250d61922f029858365fa"
            ],
            "version": "==2.9"
        },
        "importlib-metadata": {
            "hashes": [
                "sha256:2a688cbaa90e0cc587f1df48bdc97a6eadccdcd9c35fb3f976a09e3b5016d90f",
                "sha256:34513a8a0c4962bc66d35b359558fd8a5e10cd472d37aec5f66858addef32c1e"
            ],
            "markers": "python_version < '3.8'",
            "version": "==1.6.0"
        },
        "ipdb": {
            "hashes": [
                "sha256:7081c65ed7bfe7737f83fa4213ca8afd9617b42ff6b3f1daf9a3419839a2a00a"
            ],
            "index": "pypi",
            "version": "==0.11"
        },
        "ipython": {
            "hashes": [
                "sha256:0ef1433879816a960cd3ae1ae1dc82c64732ca75cec8dab5a4e29783fb571d0e",
                "sha256:1b85d65632211bf5d3e6f1406f3393c8c429a47d7b947b9a87812aa5bce6595c"
            ],
            "version": "==7.15.0"
        },
        "ipython-genutils": {
            "hashes": [
                "sha256:72dd37233799e619666c9f639a9da83c34013a73e8bbc79a7a6348d93c61fab8",
                "sha256:eb2e116e75ecef9d4d228fdc66af54269afa26ab4463042e33785b887c628ba8"
            ],
            "version": "==0.2.0"
        },
        "jedi": {
            "hashes": [
                "sha256:cd60c93b71944d628ccac47df9a60fec53150de53d42dc10a7fc4b5ba6aae798",
                "sha256:df40c97641cb943661d2db4c33c2e1ff75d491189423249e989bcea4464f3030"
            ],
            "version": "==0.17.0"
        },
        "jeepney": {
            "hashes": [
                "sha256:3479b861cc2b6407de5188695fa1a8d57e5072d7059322469b62628869b8e36e",
                "sha256:d6c6b49683446d2407d2fe3acb7a368a77ff063f9182fe427da15d622adc24cf"
            ],
            "markers": "sys_platform == 'linux'",
            "version": "==0.4.3"
        },
        "keyring": {
            "hashes": [
                "sha256:3401234209015144a5d75701e71cb47239e552b0882313e9f51e8976f9e27843",
                "sha256:c53e0e5ccde3ad34284a40ce7976b5b3a3d6de70344c3f8ee44364cc340976ec"
            ],
            "version": "==21.2.1"
        },
        "msgpack": {
            "hashes": [
                "sha256:002a0d813e1f7b60da599bdf969e632074f9eec1b96cbed8fb0973a63160a408",
                "sha256:25b3bc3190f3d9d965b818123b7752c5dfb953f0d774b454fd206c18fe384fb8",
                "sha256:271b489499a43af001a2e42f42d876bb98ccaa7e20512ff37ca78c8e12e68f84",
                "sha256:39c54fdebf5fa4dda733369012c59e7d085ebdfe35b6cf648f09d16708f1be5d",
                "sha256:4233b7f86c1208190c78a525cd3828ca1623359ef48f78a6fea4b91bb995775a",
                "sha256:5bea44181fc8e18eed1d0cd76e355073f00ce232ff9653a0ae88cb7d9e643322",
                "sha256:5dba6d074fac9b24f29aaf1d2d032306c27f04187651511257e7831733293ec2",
                "sha256:7a22c965588baeb07242cb561b63f309db27a07382825fc98aecaf0827c1538e",
                "sha256:908944e3f038bca67fcfedb7845c4a257c7749bf9818632586b53bcf06ba4b97",
                "sha256:9534d5cc480d4aff720233411a1f765be90885750b07df772380b34c10ecb5c0",
                "sha256:aa5c057eab4f40ec47ea6f5a9825846be2ff6bf34102c560bad5cad5a677c5be",
                "sha256:b3758dfd3423e358bbb18a7cccd1c74228dffa7a697e5be6cb9535de625c0dbf",
                "sha256:c901e8058dd6653307906c5f157f26ed09eb94a850dddd989621098d347926ab",
                "sha256:cec8bf10981ed70998d98431cd814db0ecf3384e6b113366e7f36af71a0fca08",
                "sha256:db685187a415f51d6b937257474ca72199f393dad89534ebbdd7d7a3b000080e",
                "sha256:e35b051077fc2f3ce12e7c6a34cf309680c63a842db3a0616ea6ed25ad20d272",
                "sha256:e7bbdd8e2b277b77782f3ce34734b0dfde6cbe94ddb74de8d733d603c7f9e2b1",
                "sha256:ea41c9219c597f1d2bf6b374d951d310d58684b5de9dc4bd2976db9e1e22c140"
            ],
            "version": "==1.0.0"
        },
        "neovim": {
            "hashes": [
                "sha256:6ce58a742e0427491c0e1c8108556ee72ba33844209bd9e226b8da9538299276"
            ],
            "index": "pypi",
            "version": "==0.2.6"
        },
        "packaging": {
            "hashes": [
                "sha256:4357f74f47b9c12db93624a82154e9b120fa8293699949152b22065d556079f8",
                "sha256:998416ba6962ae7fbd6596850b80e17859a5753ba17c32284f67bfff33784181"
            ],
            "version": "==20.4"
        },
        "parso": {
            "hashes": [
                "sha256:158c140fc04112dc45bca311633ae5033c2c2a7b732fa33d0955bad8152a8dd0",
                "sha256:908e9fae2144a076d72ae4e25539143d40b8e3eafbaeae03c1bfe226f4cdf12c"
            ],
            "version": "==0.7.0"
        },
        "pexpect": {
            "hashes": [
                "sha256:0b48a55dcb3c05f3329815901ea4fc1537514d6ba867a152b581d69ae3710937",
                "sha256:fc65a43959d153d0114afe13997d439c22823a27cefceb5ff35c2178c6784c0c"
            ],
            "markers": "sys_platform != 'win32'",
            "version": "==4.8.0"
        },
        "pickleshare": {
            "hashes": [
                "sha256:87683d47965c1da65cdacaf31c8441d12b8044cdec9aca500cd78fc2c683afca",
                "sha256:9649af414d74d4df115d5d718f82acb59c9d418196b7b4290ed47a12ce62df56"
            ],
            "version": "==0.7.5"
        },
        "pkginfo": {
            "hashes": [
                "sha256:7424f2c8511c186cd5424bbf31045b77435b37a8d604990b79d4e70d741148bb",
                "sha256:a6d9e40ca61ad3ebd0b72fbadd4fba16e4c0e4df0428c041e01e06eb6ee71f32"
            ],
            "version": "==1.5.0.1"
        },
        "prompt-toolkit": {
            "hashes": [
                "sha256:563d1a4140b63ff9dd587bda9557cffb2fe73650205ab6f4383092fb882e7dc8",
                "sha256:df7e9e63aea609b1da3a65641ceaf5bc7d05e0a04de5bd45d05dbeffbabf9e04"
            ],
            "version": "==3.0.5"
        },
        "ptyprocess": {
            "hashes": [
                "sha256:923f299cc5ad920c68f2bc0bc98b75b9f838b93b599941a6b63ddbc2476394c0",
                "sha256:d7cc528d76e76342423ca640335bd3633420dc1366f258cb31d05e865ef5ca1f"
            ],
            "version": "==0.6.0"
        },
        "pycparser": {
            "hashes": [
                "sha256:2d475327684562c3a96cc71adf7dc8c4f0565175cf86b6d7a404ff4c771f15f0",
                "sha256:7582ad22678f0fcd81102833f60ef8d0e57288b6b5fb00323d101be910e35705"
            ],
            "version": "==2.20"
        },
        "pygments": {
            "hashes": [
                "sha256:647344a061c249a3b74e230c739f434d7ea4d8b1d5f3721bc0f3558049b38f44",
                "sha256:ff7a40b4860b727ab48fad6360eb351cc1b33cbf9b15a0f689ca5353e9463324"
            ],
            "version": "==2.6.1"
        },
        "pyparsing": {
            "hashes": [
                "sha256:c203ec8783bf771a155b207279b9bccb8dea02d8f0c9e5f8ead507bc3246ecc1",
                "sha256:ef9d7589ef3c200abe66653d3f1ab1033c3c419ae9b9bdb1240a85b024efc88b"
            ],
            "version": "==2.4.7"
        },
        "readme-renderer": {
            "hashes": [
                "sha256:cbe9db71defedd2428a1589cdc545f9bd98e59297449f69d721ef8f1cfced68d",
                "sha256:cc4957a803106e820d05d14f71033092537a22daa4f406dfbdd61177e0936376"
            ],
            "version": "==26.0"
        },
        "requests": {
            "hashes": [
                "sha256:43999036bfa82904b6af1d99e4882b560e5e2c68e5c4b0aa03b655f3d7d73fee",
                "sha256:b3f43d496c6daba4493e7c431722aeb7dbc6288f52a6e04e7b6023b0247817e6"
            ],
            "version": "==2.23.0"
        },
        "requests-toolbelt": {
            "hashes": [
                "sha256:380606e1d10dc85c3bd47bf5a6095f815ec007be7a8b69c878507068df059e6f",
                "sha256:968089d4584ad4ad7c171454f0a5c6dac23971e9472521ea3b6d49d610aa6fc0"
            ],
            "version": "==0.9.1"
        },
        "secretstorage": {
            "hashes": [
                "sha256:15da8a989b65498e29be338b3b279965f1b8f09b9668bd8010da183024c8bff6",
                "sha256:b5ec909dde94d4ae2fa26af7c089036997030f0cf0a5cb372b4cccabd81c143b"
            ],
            "markers": "sys_platform == 'linux'",
            "version": "==3.1.2"
        },
        "six": {
            "hashes": [
                "sha256:30639c035cdb23534cd4aa2dd52c3bf48f06e5f4a941509c8bafd8ce11080259",
                "sha256:8b74bedcbbbaca38ff6d7491d76f2b06b3592611af620f8426e82dddb04a5ced"
            ],
            "version": "==1.15.0"
        },
        "tqdm": {
            "hashes": [
                "sha256:07c06493f1403c1380b630ae3dcbe5ae62abcf369a93bbc052502279f189ab8c",
                "sha256:cd140979c2bebd2311dfb14781d8f19bd5a9debb92dcab9f6ef899c987fcf71f"
            ],
            "version": "==4.46.1"
        },
        "traitlets": {
            "hashes": [
                "sha256:70b4c6a1d9019d7b4f6846832288f86998aa3b9207c6821f3578a6a6a467fe44",
                "sha256:d023ee369ddd2763310e4c3eae1ff649689440d4ae59d7485eb4cfbbe3e359f7"
            ],
            "version": "==4.3.3"
        },
        "twine": {
            "hashes": [
                "sha256:c1af8ca391e43b0a06bbc155f7f67db0bf0d19d284bfc88d1675da497a946124",
                "sha256:d561a5e511f70275e5a485a6275ff61851c16ffcb3a95a602189161112d9f160"
            ],
            "index": "pypi",
            "version": "==3.1.1"
        },
        "urllib3": {
            "hashes": [
                "sha256:3018294ebefce6572a474f0604c2021e33b3fd8006ecd11d62107a5d2a963527",
                "sha256:88206b0eb87e6d677d424843ac5209e3fb9d0190d0ee169599165ec25e9d9115"
            ],
            "version": "==1.25.9"
        },
        "wcwidth": {
            "hashes": [
                "sha256:980fbf4f3c196c0f329cdcd1e84c554d6a211f18e252e525a0cf4223154a41d6",
                "sha256:edbc2b718b4db6cdf393eefe3a420183947d6aa312505ce6754516f458ff8830"
            ],
            "version": "==0.2.3"
        },
        "webencodings": {
            "hashes": [
                "sha256:a0af1213f3c2226497a97e2b3aa01a7e4bee4f403f95be16fc9acd2947514a78",
                "sha256:b36a1c245f2d304965eb4e0a82848379241dc04b865afcc4aab16748587e1923"
            ],
            "version": "==0.5.1"
        },
        "zipp": {
            "hashes": [
                "sha256:aa36550ff0c0b7ef7fa639055d797116ee891440eac1a56f378e2d3179e0320b",
                "sha256:c599e4d75c98f6798c509911d08a22e6c021d074469042177c8c86fb92eefd96"
            ],
            "version": "==3.1.0"
        }
    }
}
